
Microsoft Visual Studio Solution File, Format Version 12.00
# Visual Studio Version 17
VisualStudioVersion = 17.1.32319.34
MinimumVisualStudioVersion = 10.0.40219.1
Project("{FAE04EC0-301F-11D3-BF4B-00C04F79EFBC}") = "laba9", "laba9\laba9.csproj", "{0A68611F-7637-4323-BB6F-1D66D2E5F382}"
EndProject
Global
	GlobalSection(SolutionConfigurationPlatforms) = preSolution
		Debug|Any CPU = Debug|Any CPU
		Release|Any CPU = Release|Any CPU
	EndGlobalSection
	GlobalSection(ProjectConfigurationPlatforms) = postSolution
		{0A68611F-7637-4323-BB6F-1D66D2E5F382}.Debug|Any CPU.ActiveCfg = Debug|Any CPU
		{0A68611F-7637-4323-BB6F-1D66D2E5F382}.Debug|Any CPU.Build.0 = Debug|Any CPU
		{0A68611F-7637-4323-BB6F-1D66D2E5F382}.Release|Any CPU.ActiveCfg = Release|Any CPU
		{0A68611F-7637-4323-BB6F-1D66D2E5F382}.Release|Any CPU.Build.0 = Release|Any CPU
	EndGlobalSection
	GlobalSection(SolutionProperties) = preSolution
		HideSolutionNode = FALSE
	EndGlobalSection
	GlobalSection(ExtensibilityGlobals) = postSolution
		SolutionGuid = {BD88AADB-E27F-4956-94E6-DA30E72BE623}
	EndGlobalSection
EndGlobal
